<?xml version="1.0" encoding="utf-8"?>
<Project ToolsVersion="4.0" xmlns="http://schemas.microsoft.com/developer/msbuild/2003">
  <ItemGroup>
    <Filter Include="Source Files">
      <UniqueIdentifier>{dc762baa-1198-4a2f-b489-f2329e6f86e9}</UniqueIdentifier>
      <Extensions>cpp;c;cxx;rc;def;r;odl;idl;hpj;bat</Extensions>
    </Filter>
    <Filter Include="Header Files">
      <UniqueIdentifier>{75a16988-400c-4f58-8239-715dd2904da3}</UniqueIdentifier>
      <Extensions>h;hpp;hxx;hm;inl</Extensions>
    </Filter>
    <Filter Include="Resource Files">
      <UniqueIdentifier>{b5580524-2cf9-445f-8b24-df75654e35a2}</UniqueIdentifier>
      <Extensions>ico;cur;bmp;dlg;rc2;rct;bin;rgs;gif;jpg;jpeg;jpe</Extensions>
    </Filter>
  </ItemGroup>
  <ItemGroup>
    <ClCompile Include="BaseObject.cpp">
      <Filter>Source Files</Filter>
    </ClCompile>
    <ClCompile Include="CDBurn.cpp">
      <Filter>Source Files</Filter>
    </ClCompile>
    <ClCompile Include="DirObject.cpp">
      <Filter>Source Files</Filter>
    </ClCompile>
    <ClCompile Include="DiscFormatData.cpp">
      <Filter>Source Files</Filter>
    </ClCompile>
    <ClCompile Include="DiscFormatDataEvent.cpp">
      <Filter>Source Files</Filter>
    </ClCompile>
    <ClCompile Include="DiscMaster.cpp">
      <Filter>Source Files</Filter>
    </ClCompile>
    <ClCompile Include="DiscRecorder.cpp">
      <Filter>Source Files</Filter>
    </ClCompile>
    <ClCompile Include="File64.cpp">
      <Filter>Source Files</Filter>
    </ClCompile>
    <ClCompile Include="FileListBox.cpp">
      <Filter>Source Files</Filter>
    </ClCompile>
    <ClCompile Include="FileObject.cpp">
      <Filter>Source Files</Filter>
    </ClCompile>
    <ClCompile Include="StdAfx.cpp">
      <Filter>Source Files</Filter>
    </ClCompile>
  </ItemGroup>
  <ItemGroup>
    <ClInclude Include="BaseObject.h">
      <Filter>Header Files</Filter>
    </ClInclude>
    <ClInclude Include="CDBurn.h">
      <Filter>Header Files</Filter>
    </ClInclude>
    <ClInclude Include="DirObject.h">
      <Filter>Header Files</Filter>
    </ClInclude>
    <ClInclude Include="DiscFormatData.h">
      <Filter>Header Files</Filter>
    </ClInclude>
    <ClInclude Include="DiscFormatDataEvent.h">
      <Filter>Header Files</Filter>
    </ClInclude>
    <ClInclude Include="DiscMaster.h">
      <Filter>Header Files</Filter>
    </ClInclude>
    <ClInclude Include="DiscRecorder.h">
      <Filter>Header Files</Filter>
    </ClInclude>
    <ClInclude Include="File64.h">
      <Filter>Header Files</Filter>
    </ClInclude>
    <ClInclude Include="FileListBox.h">
      <Filter>Header Files</Filter>
    </ClInclude>
    <ClInclude Include="FileObject.h">
      <Filter>Header Files</Filter>
    </ClInclude>
    <ClInclude Include="Resource.h">
      <Filter>Header Files</Filter>
    </ClInclude>
    <ClInclude Include="StdAfx.h">
      <Filter>Header Files</Filter>
    </ClInclude>
  </ItemGroup>
  <ItemGroup>
    <Image Include="res\CDBurn.ico">
      <Filter>Resource Files</Filter>
    </Image>
  </ItemGroup>
  <ItemGroup>
    <None Include="res\CDBurn.rc2">
      <Filter>Resource Files</Filter>
    </None>
  </ItemGroup>
  <ItemGroup>
    <Text Include="ReadMe.txt" />
  </ItemGroup>
</Project>